<?xml version="1.0" encoding="utf-8"?>
<Project ToolsVersion="4.0" xmlns="http://schemas.microsoft.com/developer/msbuild/2003">
  <ItemGroup>
    <Filter Include="TinyEngine">
      <UniqueIdentifier>{7FCAB4DF-6B82-F62C-D489-CF88C060911D}</UniqueIdentifier>
    </Filter>
  </ItemGroup>
  <ItemGroup>
    <ClInclude Include="src\TinyEngine.h" />
    <ClInclude Include="src\TinyEngine\Application.h">
      <Filter>TinyEngine</Filter>
    </ClInclude>
    <ClInclude Include="src\TinyEngine\Core.h">
      <Filter>TinyEngine</Filter>
    </ClInclude>
    <ClInclude Include="src\TinyEngine\EntryPoint.h">
      <Filter>TinyEngine</Filter>
    </ClInclude>
    <ClInclude Include="src\TinyEngine\Log.h">
      <Filter>TinyEngine</Filter>
    </ClInclude>
  </ItemGroup>
  <ItemGroup>
    <ClCompile Include="src\TinyEngine\Application.cpp">
      <Filter>TinyEngine</Filter>
    </ClCompile>
    <ClCompile Include="src\TinyEngine\Log.cpp">
      <Filter>TinyEngine</Filter>
    </ClCompile>
  </ItemGroup>
</Project>